
Microsoft Visual Studio Solution File, Format Version 12.00
# Visual Studio Version 16
VisualStudioVersion = 16.0.29609.76
MinimumVisualStudioVersion = 10.0.40219.1
Project("{2150E333-8FDC-42A3-9474-1A3956D46DE8}") = "Avalonia", "Avalonia", "{0B5A5DCD-0BAF-413B-918C-6C148AC65B97}"
EndProject
Project("{2150E333-8FDC-42A3-9474-1A3956D46DE8}") = "WPF", "WPF", "{B42B46B4-A510-4422-B2FD-C93B8F08EBE1}"
EndProject
Project("{9A19103F-16F7-4668-BE54-9A1E7A4F7556}") = "AvaloniaPictureAnalyser", "AvaloniaUI\AvaloniaPictureAnalyser\AvaloniaPictureAnalyser.csproj", "{5ED21314-B6A4-495F-92CF-21A58A88ECA5}"
EndProject
Project("{9A19103F-16F7-4668-BE54-9A1E7A4F7556}") = "ImageViewer", "WPF\ImageViewer\ImageViewer.csproj", "{02072D9B-08BD-4F2F-90DC-A0E15D5C6D93}"
EndProject
Project("{9A19103F-16F7-4668-BE54-9A1E7A4F7556}") = "ImageViewerSample", "WPF\ImageViewerSample\ImageViewerSample.csproj", "{A79390B7-9CA8-492E-A1AD-568EB0FCA176}"
EndProject
Global
	GlobalSection(SolutionConfigurationPlatforms) = preSolution
		Debug|Any CPU = Debug|Any CPU
		Release|Any CPU = Release|Any CPU
	EndGlobalSection
	GlobalSection(ProjectConfigurationPlatforms) = postSolution
		{5ED21314-B6A4-495F-92CF-21A58A88ECA5}.Debug|Any CPU.ActiveCfg = Debug|Any CPU
		{5ED21314-B6A4-495F-92CF-21A58A88ECA5}.Debug|Any CPU.Build.0 = Debug|Any CPU
		{5ED21314-B6A4-495F-92CF-21A58A88ECA5}.Release|Any CPU.ActiveCfg = Release|Any CPU
		{5ED21314-B6A4-495F-92CF-21A58A88ECA5}.Release|Any CPU.Build.0 = Release|Any CPU
		{02072D9B-08BD-4F2F-90DC-A0E15D5C6D93}.Debug|Any CPU.ActiveCfg = Debug|Any CPU
		{02072D9B-08BD-4F2F-90DC-A0E15D5C6D93}.Debug|Any CPU.Build.0 = Debug|Any CPU
		{02072D9B-08BD-4F2F-90DC-A0E15D5C6D93}.Release|Any CPU.ActiveCfg = Release|Any CPU
		{02072D9B-08BD-4F2F-90DC-A0E15D5C6D93}.Release|Any CPU.Build.0 = Release|Any CPU
		{A79390B7-9CA8-492E-A1AD-568EB0FCA176}.Debug|Any CPU.ActiveCfg = Debug|Any CPU
		{A79390B7-9CA8-492E-A1AD-568EB0FCA176}.Debug|Any CPU.Build.0 = Debug|Any CPU
		{A79390B7-9CA8-492E-A1AD-568EB0FCA176}.Release|Any CPU.ActiveCfg = Release|Any CPU
		{A79390B7-9CA8-492E-A1AD-568EB0FCA176}.Release|Any CPU.Build.0 = Release|Any CPU
	EndGlobalSection
	GlobalSection(SolutionProperties) = preSolution
		HideSolutionNode = FALSE
	EndGlobalSection
	GlobalSection(NestedProjects) = preSolution
		{5ED21314-B6A4-495F-92CF-21A58A88ECA5} = {0B5A5DCD-0BAF-413B-918C-6C148AC65B97}
		{02072D9B-08BD-4F2F-90DC-A0E15D5C6D93} = {B42B46B4-A510-4422-B2FD-C93B8F08EBE1}
		{A79390B7-9CA8-492E-A1AD-568EB0FCA176} = {B42B46B4-A510-4422-B2FD-C93B8F08EBE1}
	EndGlobalSection
	GlobalSection(ExtensibilityGlobals) = postSolution
		SolutionGuid = {C0C84E52-F676-4753-9214-2E40F825AA03}
	EndGlobalSection
EndGlobal
